{
  "requires": true,
  "lockfileVersion": 1,
  "dependencies": {
    "loadsh": {
      "version": "1.0.1",
      "resolved": "https://registry.npmjs.org/loadsh/-/loadsh-1.0.1.tgz",
      "integrity": "sha512-gocwjEsq8OE3cGL0Jxf+r5y0oh/bZ+pixLSKu51neQDYp6sLUtimSYPWJFVDJmszFmecNYjcM03px8vP6Uz1CA=="
    }
  }
}
